
Microsoft Visual Studio Solution File, Format Version 12.00
# Visual Studio Version 17
VisualStudioVersion = 17.4.33122.133
MinimumVisualStudioVersion = 10.0.40219.1
Project("{FAE04EC0-301F-11D3-BF4B-00C04F79EFBC}") = "Electro", "Electro.csproj", "{096FEB6F-4A28-4D51-A959-DB483124D2B1}"
EndProject
Global
	GlobalSection(SolutionConfigurationPlatforms) = preSolution
		Debug|Any CPU = Debug|Any CPU
		Release|Any CPU = Release|Any CPU
	EndGlobalSection
	GlobalSection(ProjectConfigurationPlatforms) = postSolution
		{096FEB6F-4A28-4D51-A959-DB483124D2B1}.Debug|Any CPU.ActiveCfg = Debug|Any CPU
		{096FEB6F-4A28-4D51-A959-DB483124D2B1}.Debug|Any CPU.Build.0 = Debug|Any CPU
		{096FEB6F-4A28-4D51-A959-DB483124D2B1}.Release|Any CPU.ActiveCfg = Release|Any CPU
		{096FEB6F-4A28-4D51-A959-DB483124D2B1}.Release|Any CPU.Build.0 = Release|Any CPU
	EndGlobalSection
	GlobalSection(SolutionProperties) = preSolution
		HideSolutionNode = FALSE
	EndGlobalSection
	GlobalSection(ExtensibilityGlobals) = postSolution
		SolutionGuid = {EDD55081-B986-4804-8C70-370B945F416D}
	EndGlobalSection
EndGlobal
